
Microsoft Visual Studio Solution File, Format Version 12.00
# Visual Studio Version 17
VisualStudioVersion = 17.5.002.0
MinimumVisualStudioVersion = 10.0.40219.1
Project("{9A19103F-16F7-4668-BE54-9A1E7A4F7556}") = "Task1", "Task1\Task1.csproj", "{9D9699F9-BFB5-46EA-817D-58FDA07D0877}"
EndProject
Global
	GlobalSection(SolutionConfigurationPlatforms) = preSolution
		Debug|Any CPU = Debug|Any CPU
		Release|Any CPU = Release|Any CPU
	EndGlobalSection
	GlobalSection(ProjectConfigurationPlatforms) = postSolution
		{9D9699F9-BFB5-46EA-817D-58FDA07D0877}.Debug|Any CPU.ActiveCfg = Debug|Any CPU
		{9D9699F9-BFB5-46EA-817D-58FDA07D0877}.Debug|Any CPU.Build.0 = Debug|Any CPU
		{9D9699F9-BFB5-46EA-817D-58FDA07D0877}.Release|Any CPU.ActiveCfg = Release|Any CPU
		{9D9699F9-BFB5-46EA-817D-58FDA07D0877}.Release|Any CPU.Build.0 = Release|Any CPU
	EndGlobalSection
	GlobalSection(SolutionProperties) = preSolution
		HideSolutionNode = FALSE
	EndGlobalSection
	GlobalSection(ExtensibilityGlobals) = postSolution
		SolutionGuid = {0332FA19-E07D-462A-A5B0-0AB2B45C1C3D}
	EndGlobalSection
EndGlobal
